# This file is automatically @generated by Cargo.
# It is not intended for manual editing.
version = 4

[[package]]
name = "coreshift-core"
version = "1.2.16"
source = "registry+https://github.com/rust-lang/crates.io-index"
checksum = "899453b963c7d4dcc779dcbe35b84ca7c6a3beabf5748ad217b381e9c429448d"
dependencies = [
 "libc",
]

[[package]]
name = "coreshift-foreground"
version = "0.1.10"
source = "registry+https://github.com/rust-lang/crates.io-index"
checksum = "3923c474c0f03b751f0dea5109f7065e6bcbcbebb96d0ea07b95b294b5a3e197"
dependencies = [
 "coreshift-core",
]

[[package]]
name = "libc"
version = "0.2.186"
source = "registry+https://github.com/rust-lang/crates.io-index"
checksum = "68ab91017fe16c622486840e4c83c9a37afeff978bd239b5293d61ece587de66"

[[package]]
name = "utensil-ds"
version = "0.1.5"
dependencies = [
 "coreshift-core",
 "coreshift-foreground",
]
