# This file is automatically @generated by Cargo.
# It is not intended for manual editing.
version = 4

[[package]]
name = "coreshift-core"
version = "1.2.18"
source = "registry+https://github.com/rust-lang/crates.io-index"
checksum = "0838bf2404b1a7c28c6879d11a0b5a0bf3afc89d008f25f35b5bdddc283a6959"
dependencies = [
 "libc",
]

[[package]]
name = "coreshift-foreground"
version = "0.1.10"
source = "registry+https://github.com/rust-lang/crates.io-index"
checksum = "3923c474c0f03b751f0dea5109f7065e6bcbcbebb96d0ea07b95b294b5a3e197"
dependencies = [
 "coreshift-core",
]

[[package]]
name = "libc"
version = "0.2.186"
source = "registry+https://github.com/rust-lang/crates.io-index"
checksum = "68ab91017fe16c622486840e4c83c9a37afeff978bd239b5293d61ece587de66"

[[package]]
name = "utensil-ds"
version = "0.1.6"
dependencies = [
 "coreshift-core",
 "coreshift-foreground",
]
